{
  "name": "root",
  "version": "0.0.0",
  "lockfileVersion": 2,
  "requires": true,
  "packages": {
    "": {
      "name": "root",
      "version": "0.0.0",
      "license": "Apache-2.0",
      "workspaces": [
        "gut-gk7",
        "mitreapp"
      ],
      "devDependencies": {
        "typescript": "^4.9.4"
      }
    },
    "gut-gk7": {
      "version": "0.0.1",
      "license": "Apache-2.0"
    },
    "mitreapp": {
      "version": "0.0.1",
      "license": "Apache-2.0",
      "dependencies": {
        "gut-gk7": "^0.0.1"
      }
    },
    "node_modules/gut-gk7": {
      "resolved": "gut-gk7",
      "link": true
    },
    "node_modules/mitreapp": {
      "resolved": "mitreapp",
      "link": true
    },
    "node_modules/typescript": {
      "version": "4.9.4",
      "resolved": "https://registry.npmjs.org/typescript/-/typescript-4.9.4.tgz",
      "integrity": "sha512-Uz+dTXYzxXXbsFpM86Wh3dKCxrQqUcVMxwU54orwlJjOpO3ao8L7j5lH+dWfTwgCwIuM9GQ2kvVotzYJMXTBZg==",
      "dev": true,
      "bin": {
        "tsc": "bin/tsc",
        "tsserver": "bin/tsserver"
      },
      "engines": {
        "node": ">=4.2.0"
      }
    }
  },
  "dependencies": {
    "gut-gk7": {
      "version": "file:gut-gk7"
    },
    "mitreapp": {
      "version": "file:mitreapp",
      "requires": {
        "gut-gk7": "^0.0.1"
      }
    },
    "typescript": {
      "version": "4.9.4",
      "resolved": "https://registry.npmjs.org/typescript/-/typescript-4.9.4.tgz",
      "integrity": "sha512-Uz+dTXYzxXXbsFpM86Wh3dKCxrQqUcVMxwU54orwlJjOpO3ao8L7j5lH+dWfTwgCwIuM9GQ2kvVotzYJMXTBZg==",
      "dev": true
    }
  }
}
